// !$*UTF8*$!
{
	archiveVersion = 1;
	classes = {
	};
	objectVersion = 46;
	objects = {

/* Begin PBXBuildFile section */
		F11527A01AE02E83008562FA /* AppDelegate.swift in Sources */ = {isa = PBXBuildFile; fileRef = F115279F1AE02E83008562FA /* AppDelegate.swift */; };
		F11527A21AE02E83008562FA /* ViewController.swift in Sources */ = {isa = PBXBuildFile; fileRef = F11527A11AE02E83008562FA /* ViewController.swift */; };
		F11527A51AE02E83008562FA /* Main.storyboard in Resources */ = {isa = PBXBuildFile; fileRef = F11527A31AE02E83008562FA /* Main.storyboard */; };
		F11527A71AE02E83008562FA /* Images.xcassets in Resources */ = {isa = PBXBuildFile; fileRef = F11527A61AE02E83008562FA /* Images.xcassets */; };
		F11527AA1AE02E83008562FA /* LaunchScreen.xib in Resources */ = {isa = PBXBuildFile; fileRef = F11527A81AE02E83008562FA /* LaunchScreen.xib */; };
		F11527B61AE02E83008562FA /* TableViewsTests.swift in Sources */ = {isa = PBXBuildFile; fileRef = F11527B51AE02E83008562FA /* TableViewsTests.swift */; };
/* End PBXBuildFile section */

/* Begin PBXContainerItemProxy section */
		F11527B01AE02E83008562FA /* PBXContainerItemProxy */ = {
			isa = PBXContainerItemProxy;
			containerPortal = F11527921AE02E83008562FA /* Project object */;
			proxyType = 1;
			remoteGlobalIDString = F11527991AE02E83008562FA;
			remoteInfo = TableViews;
		};
/* End PBXContainerItemProxy section */

/* Begin PBXFileReference section */
		F115279A1AE02E83008562FA /* TableViews.app */ = {isa = PBXFileReference; explicitFileType = wrapper.application; includeInIndex = 0; path = TableViews.app; sourceTree = BUILT_PRODUCTS_DIR; };
		F115279E1AE02E83008562FA /* Info.plist */ = {isa = PBXFileReference; lastKnownFileType = text.plist.xml; path = Info.plist; sourceTree = "<group>"; };
		F115279F1AE02E83008562FA /* AppDelegate.swift */ = {isa = PBXFileReference; lastKnownFileType = sourcecode.swift; path = AppDelegate.swift; sourceTree = "<group>"; };
		F11527A11AE02E83008562FA /* ViewController.swift */ = {isa = PBXFileReference; lastKnownFileType = sourcecode.swift; path = ViewController.swift; sourceTree = "<group>"; };
		F11527A41AE02E83008562FA /* Base */ = {isa = PBXFileReference; lastKnownFileType = file.storyboard; name = Base; path = Base.lproj/Main.storyboard; sourceTree = "<group>"; };
		F11527A61AE02E83008562FA /* Images.xcassets */ = {isa = PBXFileReference; lastKnownFileType = folder.assetcatalog; path = Images.xcassets; sourceTree = "<group>"; };
		F11527A91AE02E83008562FA /* Base */ = {isa = PBXFileReference; lastKnownFileType = file.xib; name = Base; path = Base.lproj/LaunchScreen.xib; sourceTree = "<group>"; };
		F11527AF1AE02E83008562FA /* TableViewsTests.xctest */ = {isa = PBXFileReference; explicitFileType = wrapper.cfbundle; includeInIndex = 0; path = TableViewsTests.xctest; sourceTree = BUILT_PRODUCTS_DIR; };
		F11527B41AE02E83008562FA /* Info.plist */ = {isa = PBXFileReference; lastKnownFileType = text.plist.xml; path = Info.plist; sourceTree = "<group>"; };
		F11527B51AE02E83008562FA /* TableViewsTests.swift */ = {isa = PBXFileReference; lastKnownFileType = sourcecode.swift; path = TableViewsTests.swift; sourceTree = "<group>"; };
/* End PBXFileReference section */

/* Begin PBXFrameworksBuildPhase section */
		F11527971AE02E83008562FA /* Frameworks */ = {
			isa = PBXFrameworksBuildPhase;
			buildActionMask = 2147483647;
			files = (
			);
			runOnlyForDeploymentPostprocessing = 0;
		};
		F11527AC1AE02E83008562FA /* Frameworks */ = {
			isa = PBXFrameworksBuildPhase;
			buildActionMask = 2147483647;
			files = (
			);
			runOnlyForDeploymentPostprocessing = 0;
		};
/* End PBXFrameworksBuildPhase section */

/* Begin PBXGroup section */
		F11527911AE02E83008562FA = {
			isa = PBXGroup;
			children = (
				F115279C1AE02E83008562FA /* TableViews */,
				F11527B21AE02E83008562FA /* TableViewsTests */,
				F115279B1AE02E83008562FA /* Products */,
			);
			sourceTree = "<group>";
		};
		F115279B1AE02E83008562FA /* Products */ = {
			isa = PBXGroup;
			children = (
				F115279A1AE02E83008562FA /* TableViews.app */,
				F11527AF1AE02E83008562FA /* TableViewsTests.xctest */,
			);
			name = Products;
			sourceTree = "<group>";
		};
		F115279C1AE02E83008562FA /* TableViews */ = {
			isa = PBXGroup;
			children = (
				F115279F1AE02E83008562FA /* AppDelegate.swift */,
				F11527A11AE02E83008562FA /* ViewController.swift */,
				F11527A31AE02E83008562FA /* Main.storyboard */,
				F11527A61AE02E83008562FA /* Images.xcassets */,
				F11527A81AE02E83008562FA /* LaunchScreen.xib */,
				F115279D1AE02E83008562FA /* Supporting Files */,
			);
			path = TableViews;
			sourceTree = "<group>";
		};
		F115279D1AE02E83008562FA /* Supporting Files */ = {
			isa = PBXGroup;
			children = (
				F115279E1AE02E83008562FA /* Info.plist */,
			);
			name = "Supporting Files";
			sourceTree = "<group>";
		};
		F11527B21AE02E83008562FA /* TableViewsTests */ = {
			isa = PBXGroup;
			children = (
				F11527B51AE02E83008562FA /* TableViewsTests.swift */,
				F11527B31AE02E83008562FA /* Supporting Files */,
			);
			path = TableViewsTests;
			sourceTree = "<group>";
		};
		F11527B31AE02E83008562FA /* Supporting Files */ = {
			isa = PBXGroup;
			children = (
				F11527B41AE02E83008562FA /* Info.plist */,
			);
			name = "Supporting Files";
			sourceTree = "<group>";
		};
/* End PBXGroup section */

/* Begin PBXNativeTarget section */
		F11527991AE02E83008562FA /* TableViews */ = {
			isa = PBXNativeTarget;
			buildConfigurationList = F11527B91AE02E83008562FA /* Build configuration list for PBXNativeTarget "TableViews" */;
			buildPhases = (
				F11527961AE02E83008562FA /* Sources */,
				F11527971AE02E83008562FA /* Frameworks */,
				F11527981AE02E83008562FA /* Resources */,
			);
			buildRules = (
			);
			dependencies = (
			);
			name = TableViews;
			productName = TableViews;
			productReference = F115279A1AE02E83008562FA /* TableViews.app */;
			productType = "com.apple.product-type.application";
		};
		F11527AE1AE02E83008562FA /* TableViewsTests */ = {
			isa = PBXNativeTarget;
			buildConfigurationList = F11527BC1AE02E83008562FA /* Build configuration list for PBXNativeTarget "TableViewsTests" */;
			buildPhases = (
				F11527AB1AE02E83008562FA /* Sources */,
				F11527AC1AE02E83008562FA /* Frameworks */,
				F11527AD1AE02E83008562FA /* Resources */,
			);
			buildRules = (
			);
			dependencies = (
				F11527B11AE02E83008562FA /* PBXTargetDependency */,
			);
			name = TableViewsTests;
			productName = TableViewsTests;
			productReference = F11527AF1AE02E83008562FA /* TableViewsTests.xctest */;
			productType = "com.apple.product-type.bundle.unit-test";
		};
/* End PBXNativeTarget section */

/* Begin PBXProject section */
		F11527921AE02E83008562FA /* Project object */ = {
			isa = PBXProject;
			attributes = {
				LastUpgradeCheck = 0630;
				ORGANIZATIONNAME = "Adnan Aziz";
				TargetAttributes = {
					F11527991AE02E83008562FA = {
						CreatedOnToolsVersion = 6.3;
					};
					F11527AE1AE02E83008562FA = {
						CreatedOnToolsVersion = 6.3;
						TestTargetID = F11527991AE02E83008562FA;
					};
				};
			};
			buildConfigurationList = F11527951AE02E83008562FA /* Build configuration list for PBXProject "TableViews" */;
			compatibilityVersion = "Xcode 3.2";
			developmentRegion = English;
			hasScannedForEncodings = 0;
			knownRegions = (
				en,
				Base,
			);
			mainGroup = F11527911AE02E83008562FA;
			productRefGroup = F115279B1AE02E83008562FA /* Products */;
			projectDirPath = "";
			projectRoot = "";
			targets = (
				F11527991AE02E83008562FA /* TableViews */,
				F11527AE1AE02E83008562FA /* TableViewsTests */,
			);
		};
/* End PBXProject section */

/* Begin PBXResourcesBuildPhase section */
		F11527981AE02E83008562FA /* Resources */ = {
			isa = PBXResourcesBuildPhase;
			buildActionMask = 2147483647;
			files = (
				F11527A51AE02E83008562FA /* Main.storyboard in Resources */,
				F11527AA1AE02E83008562FA /* LaunchScreen.xib in Resources */,
				F11527A71AE02E83008562FA /* Images.xcassets in Resources */,
			);
			runOnlyForDeploymentPostprocessing = 0;
		};
		F11527AD1AE02E83008562FA /* Resources */ = {
			isa = PBXResourcesBuildPhase;
			buildActionMask = 2147483647;
			files = (
			);
			runOnlyForDeploymentPostprocessing = 0;
		};
/* End PBXResourcesBuildPhase section */

/* Begin PBXSourcesBuildPhase section */
		F11527961AE02E83008562FA /* Sources */ = {
			isa = PBXSourcesBuildPhase;
			buildActionMask = 2147483647;
			files = (
				F11527A21AE02E83008562FA /* ViewController.swift in Sources */,
				F11527A01AE02E83008562FA /* AppDelegate.swift in Sources */,
			);
			runOnlyForDeploymentPostprocessing = 0;
		};
		F11527AB1AE02E83008562FA /* Sources */ = {
			isa = PBXSourcesBuildPhase;
			buildActionMask = 2147483647;
			files = (
				F11527B61AE02E83008562FA /* TableViewsTests.swift in Sources */,
			);
			runOnlyForDeploymentPostprocessing = 0;
		};
/* End PBXSourcesBuildPhase section */

/* Begin PBXTargetDependency section */
		F11527B11AE02E83008562FA /* PBXTargetDependency */ = {
			isa = PBXTargetDependency;
			target = F11527991AE02E83008562FA /* TableViews */;
			targetProxy = F11527B01AE02E83008562FA /* PBXContainerItemProxy */;
		};
/* End PBXTargetDependency section */

/* Begin PBXVariantGroup section */
		F11527A31AE02E83008562FA /* Main.storyboard */ = {
			isa = PBXVariantGroup;
			children = (
				F11527A41AE02E83008562FA /* Base */,
			);
			name = Main.storyboard;
			sourceTree = "<group>";
		};
		F11527A81AE02E83008562FA /* LaunchScreen.xib */ = {
			isa = PBXVariantGroup;
			children = (
				F11527A91AE02E83008562FA /* Base */,
			);
			name = LaunchScreen.xib;
			sourceTree = "<group>";
		};
/* End PBXVariantGroup section */

/* Begin XCBuildConfiguration section */
		F11527B71AE02E83008562FA /* Debug */ = {
			isa = XCBuildConfiguration;
			buildSettings = {
				ALWAYS_SEARCH_USER_PATHS = NO;
				CLANG_CXX_LANGUAGE_STANDARD = "gnu++0x";
				CLANG_CXX_LIBRARY = "libc++";
				CLANG_ENABLE_MODULES = YES;
				CLANG_ENABLE_OBJC_ARC = YES;
				CLANG_WARN_BOOL_CONVERSION = YES;
				CLANG_WARN_CONSTANT_CONVERSION = YES;
				CLANG_WARN_DIRECT_OBJC_ISA_USAGE = YES_ERROR;
				CLANG_WARN_EMPTY_BODY = YES;
				CLANG_WARN_ENUM_CONVERSION = YES;
				CLANG_WARN_INT_CONVERSION = YES;
				CLANG_WARN_OBJC_ROOT_CLASS = YES_ERROR;
				CLANG_WARN_UNREACHABLE_CODE = YES;
				CLANG_WARN__DUPLICATE_METHOD_MATCH = YES;
				"CODE_SIGN_IDENTITY[sdk=iphoneos*]" = "iPhone Developer";
				COPY_PHASE_STRIP = NO;
				DEBUG_INFORMATION_FORMAT = "dwarf-with-dsym";
				ENABLE_STRICT_OBJC_MSGSEND = YES;
				GCC_C_LANGUAGE_STANDARD = gnu99;
				GCC_DYNAMIC_NO_PIC = NO;
				GCC_NO_COMMON_BLOCKS = YES;
				GCC_OPTIMIZATION_LEVEL = 0;
				GCC_PREPROCESSOR_DEFINITIONS = (
					"DEBUG=1",
					"$(inherited)",
				);
				GCC_SYMBOLS_PRIVATE_EXTERN = NO;
				GCC_WARN_64_TO_32_BIT_CONVERSION = YES;
				GCC_WARN_ABOUT_RETURN_TYPE = YES_ERROR;
				GCC_WARN_UNDECLARED_SELECTOR = YES;
				GCC_WARN_UNINITIALIZED_AUTOS = YES_AGGRESSIVE;
				GCC_WARN_UNUSED_FUNCTION = YES;
				GCC_WARN_UNUSED_VARIABLE = YES;
				IPHONEOS_DEPLOYMENT_TARGET = 8.3;
				MTL_ENABLE_DEBUG_INFO = YES;
				ONLY_ACTIVE_ARCH = YES;
				SDKROOT = iphoneos;
				SWIFT_OPTIMIZATION_LEVEL = "-Onone";
			};
			name = Debug;
		};
		F11527B81AE02E83008562FA /* Release */ = {
			isa = XCBuildConfiguration;
			buildSettings = {
				ALWAYS_SEARCH_USER_PATHS = NO;
				CLANG_CXX_LANGUAGE_STANDARD = "gnu++0x";
				CLANG_CXX_LIBRARY = "libc++";
				CLANG_ENABLE_MODULES = YES;
				CLANG_ENABLE_OBJC_ARC = YES;
				CLANG_WARN_BOOL_CONVERSION = YES;
				CLANG_WARN_CONSTANT_CONVERSION = YES;
				CLANG_WARN_DIRECT_OBJC_ISA_USAGE = YES_ERROR;
				CLANG_WARN_EMPTY_BODY = YES;
				CLANG_WARN_ENUM_CONVERSION = YES;
				CLANG_WARN_INT_CONVERSION = YES;
				CLANG_WARN_OBJC_ROOT_CLASS = YES_ERROR;
				CLANG_WARN_UNREACHABLE_CODE = YES;
				CLANG_WARN__DUPLICATE_METHOD_MATCH = YES;
				"CODE_SIGN_IDENTITY[sdk=iphoneos*]" = "iPhone Developer";
				COPY_PHASE_STRIP = NO;
				DEBUG_INFORMATION_FORMAT = "dwarf-with-dsym";
				ENABLE_NS_ASSERTIONS = NO;
				ENABLE_STRICT_OBJC_MSGSEND = YES;
				GCC_C_LANGUAGE_STANDARD = gnu99;
				GCC_NO_COMMON_BLOCKS = YES;
				GCC_WARN_64_TO_32_BIT_CONVERSION = YES;
				GCC_WARN_ABOUT_RETURN_TYPE = YES_ERROR;
				GCC_WARN_UNDECLARED_SELECTOR = YES;
				GCC_WARN_UNINITIALIZED_AUTOS = YES_AGGRESSIVE;
				GCC_WARN_UNUSED_FUNCTION = YES;
				GCC_WARN_UNUSED_VARIABLE = YES;
				IPHONEOS_DEPLOYMENT_TARGET = 8.3;
				MTL_ENABLE_DEBUG_INFO = NO;
				SDKROOT = iphoneos;
				VALIDATE_PRODUCT = YES;
			};
			name = Release;
		};
		F11527BA1AE02E83008562FA /* Debug */ = {
			isa = XCBuildConfiguration;
			buildSettings = {
				ASSETCATALOG_COMPILER_APPICON_NAME = AppIcon;
				INFOPLIST_FILE = TableViews/Info.plist;
				LD_RUNPATH_SEARCH_PATHS = "$(inherited) @executable_path/Frameworks";
				PRODUCT_NAME = "$(TARGET_NAME)";
			};
			name = Debug;
		};
		F11527BB1AE02E83008562FA /* Release */ = {
			isa = XCBuildConfiguration;
			buildSettings = {
				ASSETCATALOG_COMPILER_APPICON_NAME = AppIcon;
				INFOPLIST_FILE = TableViews/Info.plist;
				LD_RUNPATH_SEARCH_PATHS = "$(inherited) @executable_path/Frameworks";
				PRODUCT_NAME = "$(TARGET_NAME)";
			};
			name = Release;
		};
		F11527BD1AE02E83008562FA /* Debug */ = {
			isa = XCBuildConfiguration;
			buildSettings = {
				BUNDLE_LOADER = "$(TEST_HOST)";
				FRAMEWORK_SEARCH_PATHS = (
					"$(SDKROOT)/Developer/Library/Frameworks",
					"$(inherited)",
				);
				GCC_PREPROCESSOR_DEFINITIONS = (
					"DEBUG=1",
					"$(inherited)",
				);
				INFOPLIST_FILE = TableViewsTests/Info.plist;
				LD_RUNPATH_SEARCH_PATHS = "$(inherited) @executable_path/Frameworks @loader_path/Frameworks";
				PRODUCT_NAME = "$(TARGET_NAME)";
				TEST_HOST = "$(BUILT_PRODUCTS_DIR)/TableViews.app/TableViews";
			};
			name = Debug;
		};
		F11527BE1AE02E83008562FA /* Release */ = {
			isa = XCBuildConfiguration;
			buildSettings = {
				BUNDLE_LOADER = "$(TEST_HOST)";
				FRAMEWORK_SEARCH_PATHS = (
					"$(SDKROOT)/Developer/Library/Frameworks",
					"$(inherited)",
				);
				INFOPLIST_FILE = TableViewsTests/Info.plist;
				LD_RUNPATH_SEARCH_PATHS = "$(inherited) @executable_path/Frameworks @loader_path/Frameworks";
				PRODUCT_NAME = "$(TARGET_NAME)";
				TEST_HOST = "$(BUILT_PRODUCTS_DIR)/TableViews.app/TableViews";
			};
			name = Release;
		};
/* End XCBuildConfiguration section */

/* Begin XCConfigurationList section */
		F11527951AE02E83008562FA /* Build configuration list for PBXProject "TableViews" */ = {
			isa = XCConfigurationList;
			buildConfigurations = (
				F11527B71AE02E83008562FA /* Debug */,
				F11527B81AE02E83008562FA /* Release */,
			);
			defaultConfigurationIsVisible = 0;
			defaultConfigurationName = Release;
		};
		F11527B91AE02E83008562FA /* Build configuration list for PBXNativeTarget "TableViews" */ = {
			isa = XCConfigurationList;
			buildConfigurations = (
				F11527BA1AE02E83008562FA /* Debug */,
				F11527BB1AE02E83008562FA /* Release */,
			);
			defaultConfigurationIsVisible = 0;
		};
		F11527BC1AE02E83008562FA /* Build configuration list for PBXNativeTarget "TableViewsTests" */ = {
			isa = XCConfigurationList;
			buildConfigurations = (
				F11527BD1AE02E83008562FA /* Debug */,
				F11527BE1AE02E83008562FA /* Release */,
			);
			defaultConfigurationIsVisible = 0;
		};
/* End XCConfigurationList section */
	};
	rootObject = F11527921AE02E83008562FA /* Project object */;
}
